
Microsoft Visual Studio Solution File, Format Version 12.00
# Visual Studio 15
Project("{FAE04EC0-301F-11D3-BF4B-00C04F79EFBC}") = "Assembly-CSharp", "Assembly-CSharp.csproj", "{2DBC162F-6257-55BB-172B-0EE32681C56F}"
EndProject
Project("{FAE04EC0-301F-11D3-BF4B-00C04F79EFBC}") = "Assembly-CSharp-Editor", "Assembly-CSharp-Editor.csproj", "{1A2AB2B9-D6C5-2DEF-D2FA-5F683164A368}"
EndProject
Global
	GlobalSection(SolutionConfigurationPlatforms) = preSolution
		Debug|Any CPU = Debug|Any CPU
		Release|Any CPU = Release|Any CPU
	EndGlobalSection
	GlobalSection(ProjectConfigurationPlatforms) = postSolution
		{2DBC162F-6257-55BB-172B-0EE32681C56F}.Debug|Any CPU.ActiveCfg = Debug|Any CPU
		{2DBC162F-6257-55BB-172B-0EE32681C56F}.Debug|Any CPU.Build.0 = Debug|Any CPU
		{2DBC162F-6257-55BB-172B-0EE32681C56F}.Release|Any CPU.ActiveCfg = Release|Any CPU
		{2DBC162F-6257-55BB-172B-0EE32681C56F}.Release|Any CPU.Build.0 = Release|Any CPU
		{1A2AB2B9-D6C5-2DEF-D2FA-5F683164A368}.Debug|Any CPU.ActiveCfg = Debug|Any CPU
		{1A2AB2B9-D6C5-2DEF-D2FA-5F683164A368}.Debug|Any CPU.Build.0 = Debug|Any CPU
		{1A2AB2B9-D6C5-2DEF-D2FA-5F683164A368}.Release|Any CPU.ActiveCfg = Release|Any CPU
		{1A2AB2B9-D6C5-2DEF-D2FA-5F683164A368}.Release|Any CPU.Build.0 = Release|Any CPU
	EndGlobalSection
	GlobalSection(SolutionProperties) = preSolution
		HideSolutionNode = FALSE
	EndGlobalSection
EndGlobal
